
Microsoft Visual Studio Solution File, Format Version 12.00
# Visual Studio Version 16
VisualStudioVersion = 16.0.32228.343
MinimumVisualStudioVersion = 10.0.40219.1
Project("{FAE04EC0-301F-11D3-BF4B-00C04F79EFBC}") = "Banco de Sangre", "Banco de Sangre\Banco de Sangre.csproj", "{313FABF5-52EA-4F45-A539-8C5990BD3782}"
EndProject
Project("{FAE04EC0-301F-11D3-BF4B-00C04F79EFBC}") = "Datos", "Datos\Datos.csproj", "{3B53A010-CDCB-4C51-9136-BC474BD8E1A4}"
EndProject
Project("{FAE04EC0-301F-11D3-BF4B-00C04F79EFBC}") = "ProcesoDonacionSangre", "ProcesoDonacionSangre\ProcesoDonacionSangre.csproj", "{D9D7F00D-F013-44B2-92DB-C174E49569B0}"
EndProject
Global
	GlobalSection(SolutionConfigurationPlatforms) = preSolution
		Debug|Any CPU = Debug|Any CPU
		Release|Any CPU = Release|Any CPU
	EndGlobalSection
	GlobalSection(ProjectConfigurationPlatforms) = postSolution
		{313FABF5-52EA-4F45-A539-8C5990BD3782}.Debug|Any CPU.ActiveCfg = Debug|Any CPU
		{313FABF5-52EA-4F45-A539-8C5990BD3782}.Debug|Any CPU.Build.0 = Debug|Any CPU
		{313FABF5-52EA-4F45-A539-8C5990BD3782}.Release|Any CPU.ActiveCfg = Release|Any CPU
		{313FABF5-52EA-4F45-A539-8C5990BD3782}.Release|Any CPU.Build.0 = Release|Any CPU
		{3B53A010-CDCB-4C51-9136-BC474BD8E1A4}.Debug|Any CPU.ActiveCfg = Debug|Any CPU
		{3B53A010-CDCB-4C51-9136-BC474BD8E1A4}.Debug|Any CPU.Build.0 = Debug|Any CPU
		{3B53A010-CDCB-4C51-9136-BC474BD8E1A4}.Release|Any CPU.ActiveCfg = Release|Any CPU
		{3B53A010-CDCB-4C51-9136-BC474BD8E1A4}.Release|Any CPU.Build.0 = Release|Any CPU
		{D9D7F00D-F013-44B2-92DB-C174E49569B0}.Debug|Any CPU.ActiveCfg = Debug|Any CPU
		{D9D7F00D-F013-44B2-92DB-C174E49569B0}.Debug|Any CPU.Build.0 = Debug|Any CPU
		{D9D7F00D-F013-44B2-92DB-C174E49569B0}.Release|Any CPU.ActiveCfg = Release|Any CPU
		{D9D7F00D-F013-44B2-92DB-C174E49569B0}.Release|Any CPU.Build.0 = Release|Any CPU
	EndGlobalSection
	GlobalSection(SolutionProperties) = preSolution
		HideSolutionNode = FALSE
	EndGlobalSection
	GlobalSection(ExtensibilityGlobals) = postSolution
		SolutionGuid = {96BF0351-38E5-405A-AD43-A3920496A7D5}
	EndGlobalSection
EndGlobal
